
Microsoft Visual Studio Solution File, Format Version 12.00
# Visual Studio 2013
VisualStudioVersion = 12.0.21005.1
MinimumVisualStudioVersion = 10.0.40219.1
Project("{FAE04EC0-301F-11D3-BF4B-00C04F79EFBC}") = "Student_Attendance_Final", "Student_Attendance_Final\Student_Attendance_Final.csproj", "{7BB844DC-2FB7-44F1-9F29-00023C055D2D}"
EndProject
Project("{FAE04EC0-301F-11D3-BF4B-00C04F79EFBC}") = "IJA_ConfigGUI", "IJA_ConfigGUI\IJA_ConfigGUI.csproj", "{1DBFBB7D-6D50-4904-B022-1D5B387C1C73}"
EndProject
Global
	GlobalSection(SolutionConfigurationPlatforms) = preSolution
		Debug|Any CPU = Debug|Any CPU
		Release|Any CPU = Release|Any CPU
	EndGlobalSection
	GlobalSection(ProjectConfigurationPlatforms) = postSolution
		{7BB844DC-2FB7-44F1-9F29-00023C055D2D}.Debug|Any CPU.ActiveCfg = Debug|Any CPU
		{7BB844DC-2FB7-44F1-9F29-00023C055D2D}.Debug|Any CPU.Build.0 = Debug|Any CPU
		{7BB844DC-2FB7-44F1-9F29-00023C055D2D}.Release|Any CPU.ActiveCfg = Release|Any CPU
		{7BB844DC-2FB7-44F1-9F29-00023C055D2D}.Release|Any CPU.Build.0 = Release|Any CPU
		{1DBFBB7D-6D50-4904-B022-1D5B387C1C73}.Debug|Any CPU.ActiveCfg = Debug|Any CPU
		{1DBFBB7D-6D50-4904-B022-1D5B387C1C73}.Debug|Any CPU.Build.0 = Debug|Any CPU
		{1DBFBB7D-6D50-4904-B022-1D5B387C1C73}.Release|Any CPU.ActiveCfg = Release|Any CPU
		{1DBFBB7D-6D50-4904-B022-1D5B387C1C73}.Release|Any CPU.Build.0 = Release|Any CPU
	EndGlobalSection
	GlobalSection(SolutionProperties) = preSolution
		HideSolutionNode = FALSE
	EndGlobalSection
EndGlobal
